
Microsoft Visual Studio Solution File, Format Version 11.00
# Visual Studio 2010
Project("{FAE04EC0-301F-11D3-BF4B-00C04F79EFBC}") = "Assembly-CSharp", "Assembly-CSharp.csproj", "{3637DCE5-1AD4-FAD0-48BB-2239763ACAF4}"
EndProject
Project("{FAE04EC0-301F-11D3-BF4B-00C04F79EFBC}") = "Assembly-CSharp-Editor", "Assembly-CSharp-Editor.csproj", "{E6E7F01B-228C-4640-2348-98A5134DAE71}"
EndProject
Global
	GlobalSection(SolutionConfigurationPlatforms) = preSolution
		Debug|Any CPU = Debug|Any CPU
		Release|Any CPU = Release|Any CPU
	EndGlobalSection
	GlobalSection(ProjectConfigurationPlatforms) = postSolution
		{3637DCE5-1AD4-FAD0-48BB-2239763ACAF4}.Debug|Any CPU.ActiveCfg = Debug|Any CPU
		{3637DCE5-1AD4-FAD0-48BB-2239763ACAF4}.Debug|Any CPU.Build.0 = Debug|Any CPU
		{3637DCE5-1AD4-FAD0-48BB-2239763ACAF4}.Release|Any CPU.ActiveCfg = Release|Any CPU
		{3637DCE5-1AD4-FAD0-48BB-2239763ACAF4}.Release|Any CPU.Build.0 = Release|Any CPU
		{E6E7F01B-228C-4640-2348-98A5134DAE71}.Debug|Any CPU.ActiveCfg = Debug|Any CPU
		{E6E7F01B-228C-4640-2348-98A5134DAE71}.Debug|Any CPU.Build.0 = Debug|Any CPU
		{E6E7F01B-228C-4640-2348-98A5134DAE71}.Release|Any CPU.ActiveCfg = Release|Any CPU
		{E6E7F01B-228C-4640-2348-98A5134DAE71}.Release|Any CPU.Build.0 = Release|Any CPU
	EndGlobalSection
	GlobalSection(SolutionProperties) = preSolution
		HideSolutionNode = FALSE
	EndGlobalSection
	GlobalSection(MonoDevelopProperties) = preSolution
		StartupItem = Assembly-CSharp.csproj
	EndGlobalSection
EndGlobal
